
Microsoft Visual Studio Solution File, Format Version 12.00
# Visual Studio Version 17
VisualStudioVersion = 17.3.32825.248
MinimumVisualStudioVersion = 10.0.40219.1
Project("{FAE04EC0-301F-11D3-BF4B-00C04F79EFBC}") = "chat", "chat\chat.csproj", "{00F4904F-0940-4FC1-A620-6A3F2AF61BCE}"
EndProject
Global
	GlobalSection(SolutionConfigurationPlatforms) = preSolution
		Debug|Any CPU = Debug|Any CPU
		Release|Any CPU = Release|Any CPU
	EndGlobalSection
	GlobalSection(ProjectConfigurationPlatforms) = postSolution
		{00F4904F-0940-4FC1-A620-6A3F2AF61BCE}.Debug|Any CPU.ActiveCfg = Debug|Any CPU
		{00F4904F-0940-4FC1-A620-6A3F2AF61BCE}.Debug|Any CPU.Build.0 = Debug|Any CPU
		{00F4904F-0940-4FC1-A620-6A3F2AF61BCE}.Release|Any CPU.ActiveCfg = Release|Any CPU
		{00F4904F-0940-4FC1-A620-6A3F2AF61BCE}.Release|Any CPU.Build.0 = Release|Any CPU
	EndGlobalSection
	GlobalSection(SolutionProperties) = preSolution
		HideSolutionNode = FALSE
	EndGlobalSection
	GlobalSection(ExtensibilityGlobals) = postSolution
		SolutionGuid = {6473CA9C-2435-48EB-A5C0-27115BD84CFB}
	EndGlobalSection
EndGlobal
